<Solution>
  <Folder Name="/root/">
    <File Path=".editorconfig" />
    <File Path=".gitattributes" />
    <File Path=".gitignore" />
    <File Path="Directory.Build.props" />
    <File Path="Directory.Packages.props" />
    <File Path="LICENSE" />
    <File Path="README.md" />
  </Folder>
  <Folder Name="/root/.github/">
    <File Path=".github/workflows/build.yml" />
  </Folder>
  <Project Path="E:/CodeProjects/AutomateStardewMod/Automate/Automate.csproj" />
  <Project Path="E:/CodeProjects/AutomateStardewMod/Common/.Common.shproj" Id="b9e9edfc-e98a-4370-994f-40a9f39a0284" />
</Solution>
